
Microsoft Visual Studio Solution File, Format Version 12.00
# Visual Studio Version 17
VisualStudioVersion = 17.6.33723.286
MinimumVisualStudioVersion = 10.0.40219.1
Project("{FAE04EC0-301F-11D3-BF4B-00C04F79EFBC}") = "PrimeiroProjeto", "PrimeiroProjeto\PrimeiroProjeto.csproj", "{8CF9E6FB-389C-4F7A-AEE6-5637BB4E66B4}"
EndProject
Global
	GlobalSection(SolutionConfigurationPlatforms) = preSolution
		Debug|Any CPU = Debug|Any CPU
		Release|Any CPU = Release|Any CPU
	EndGlobalSection
	GlobalSection(ProjectConfigurationPlatforms) = postSolution
		{8CF9E6FB-389C-4F7A-AEE6-5637BB4E66B4}.Debug|Any CPU.ActiveCfg = Debug|Any CPU
		{8CF9E6FB-389C-4F7A-AEE6-5637BB4E66B4}.Debug|Any CPU.Build.0 = Debug|Any CPU
		{8CF9E6FB-389C-4F7A-AEE6-5637BB4E66B4}.Release|Any CPU.ActiveCfg = Release|Any CPU
		{8CF9E6FB-389C-4F7A-AEE6-5637BB4E66B4}.Release|Any CPU.Build.0 = Release|Any CPU
	EndGlobalSection
	GlobalSection(SolutionProperties) = preSolution
		HideSolutionNode = FALSE
	EndGlobalSection
	GlobalSection(ExtensibilityGlobals) = postSolution
		SolutionGuid = {25E703AE-9CC6-40B6-91D8-FCF4777275A9}
	EndGlobalSection
EndGlobal
